<?xml version="1.0" encoding="utf-8"?>
<Project ToolsVersion="4.0" xmlns="http://schemas.microsoft.com/developer/msbuild/2003">
  <ItemGroup>
    <Filter Include="Source Files">
      <UniqueIdentifier>{535b62ff-2427-4212-8086-4c2e51cca55d}</UniqueIdentifier>
      <Extensions>cpp;c;cxx;rc;def;r;odl;idl;hpj;bat</Extensions>
    </Filter>
    <Filter Include="Header Files">
      <UniqueIdentifier>{564d34df-74a6-4bce-836c-5ce4c6cb1819}</UniqueIdentifier>
      <Extensions>h;hpp;hxx;hm;inl</Extensions>
    </Filter>
    <Filter Include="Resource Files">
      <UniqueIdentifier>{f06f47c4-dabb-4b9b-b4c5-4accd1eb766c}</UniqueIdentifier>
      <Extensions>ico;cur;bmp;dlg;rc2;rct;bin;rgs;gif;jpg;jpeg;jpe</Extensions>
    </Filter>
  </ItemGroup>
  <ItemGroup>
    <ClCompile Include="src\lapi.c">
      <Filter>Source Files</Filter>
    </ClCompile>
    <ClCompile Include="src\lauxlib.c">
      <Filter>Source Files</Filter>
    </ClCompile>
    <ClCompile Include="src\lbaselib.c">
      <Filter>Source Files</Filter>
    </ClCompile>
    <ClCompile Include="src\lcode.c">
      <Filter>Source Files</Filter>
    </ClCompile>
    <ClCompile Include="src\ldblib.c">
      <Filter>Source Files</Filter>
    </ClCompile>
    <ClCompile Include="src\ldebug.c">
      <Filter>Source Files</Filter>
    </ClCompile>
    <ClCompile Include="src\ldo.c">
      <Filter>Source Files</Filter>
    </ClCompile>
    <ClCompile Include="src\ldump.c">
      <Filter>Source Files</Filter>
    </ClCompile>
    <ClCompile Include="src\lfunc.c">
      <Filter>Source Files</Filter>
    </ClCompile>
    <ClCompile Include="src\lgc.c">
      <Filter>Source Files</Filter>
    </ClCompile>
    <ClCompile Include="src\linit.c">
      <Filter>Source Files</Filter>
    </ClCompile>
    <ClCompile Include="src\liolib.c">
      <Filter>Source Files</Filter>
    </ClCompile>
    <ClCompile Include="src\llex.c">
      <Filter>Source Files</Filter>
    </ClCompile>
    <ClCompile Include="src\lmathlib.c">
      <Filter>Source Files</Filter>
    </ClCompile>
    <ClCompile Include="src\lmem.c">
      <Filter>Source Files</Filter>
    </ClCompile>
    <ClCompile Include="src\loadlib.c">
      <Filter>Source Files</Filter>
    </ClCompile>
    <ClCompile Include="src\lobject.c">
      <Filter>Source Files</Filter>
    </ClCompile>
    <ClCompile Include="src\lopcodes.c">
      <Filter>Source Files</Filter>
    </ClCompile>
    <ClCompile Include="src\loslib.c">
      <Filter>Source Files</Filter>
    </ClCompile>
    <ClCompile Include="src\lparser.c">
      <Filter>Source Files</Filter>
    </ClCompile>
    <ClCompile Include="src\lstate.c">
      <Filter>Source Files</Filter>
    </ClCompile>
    <ClCompile Include="src\lstring.c">
      <Filter>Source Files</Filter>
    </ClCompile>
    <ClCompile Include="src\lstrlib.c">
      <Filter>Source Files</Filter>
    </ClCompile>
    <ClCompile Include="src\ltable.c">
      <Filter>Source Files</Filter>
    </ClCompile>
    <ClCompile Include="src\ltablib.c">
      <Filter>Source Files</Filter>
    </ClCompile>
    <ClCompile Include="src\ltm.c">
      <Filter>Source Files</Filter>
    </ClCompile>
    <ClCompile Include="src\lua.c">
      <Filter>Source Files</Filter>
    </ClCompile>
    <ClCompile Include="src\lundump.c">
      <Filter>Source Files</Filter>
    </ClCompile>
    <ClCompile Include="src\lvm.c">
      <Filter>Source Files</Filter>
    </ClCompile>
    <ClCompile Include="src\lzio.c">
      <Filter>Source Files</Filter>
    </ClCompile>
    <ClCompile Include="src\print.c">
      <Filter>Source Files</Filter>
    </ClCompile>
  </ItemGroup>
  <ItemGroup>
    <None Include="lua51.def">
      <Filter>Source Files</Filter>
    </None>
  </ItemGroup>
  <ItemGroup>
    <ClInclude Include="src\lapi.h">
      <Filter>Header Files</Filter>
    </ClInclude>
    <ClInclude Include="src\lauxlib.h">
      <Filter>Header Files</Filter>
    </ClInclude>
    <ClInclude Include="src\lcode.h">
      <Filter>Header Files</Filter>
    </ClInclude>
    <ClInclude Include="src\ldebug.h">
      <Filter>Header Files</Filter>
    </ClInclude>
    <ClInclude Include="src\ldo.h">
      <Filter>Header Files</Filter>
    </ClInclude>
    <ClInclude Include="src\lfunc.h">
      <Filter>Header Files</Filter>
    </ClInclude>
    <ClInclude Include="src\lgc.h">
      <Filter>Header Files</Filter>
    </ClInclude>
    <ClInclude Include="src\llex.h">
      <Filter>Header Files</Filter>
    </ClInclude>
    <ClInclude Include="src\llimits.h">
      <Filter>Header Files</Filter>
    </ClInclude>
    <ClInclude Include="src\lmem.h">
      <Filter>Header Files</Filter>
    </ClInclude>
    <ClInclude Include="src\lobject.h">
      <Filter>Header Files</Filter>
    </ClInclude>
    <ClInclude Include="src\lopcodes.h">
      <Filter>Header Files</Filter>
    </ClInclude>
    <ClInclude Include="src\lparser.h">
      <Filter>Header Files</Filter>
    </ClInclude>
    <ClInclude Include="src\lstate.h">
      <Filter>Header Files</Filter>
    </ClInclude>
    <ClInclude Include="src\lstring.h">
      <Filter>Header Files</Filter>
    </ClInclude>
    <ClInclude Include="src\ltable.h">
      <Filter>Header Files</Filter>
    </ClInclude>
    <ClInclude Include="src\ltm.h">
      <Filter>Header Files</Filter>
    </ClInclude>
    <ClInclude Include="src\lua.h">
      <Filter>Header Files</Filter>
    </ClInclude>
    <ClInclude Include="src\luaconf.h">
      <Filter>Header Files</Filter>
    </ClInclude>
    <ClInclude Include="src\lualib.h">
      <Filter>Header Files</Filter>
    </ClInclude>
    <ClInclude Include="src\lundump.h">
      <Filter>Header Files</Filter>
    </ClInclude>
    <ClInclude Include="src\lvm.h">
      <Filter>Header Files</Filter>
    </ClInclude>
    <ClInclude Include="src\lzio.h">
      <Filter>Header Files</Filter>
    </ClInclude>
  </ItemGroup>
</Project>